
Microsoft Visual Studio Solution File, Format Version 12.00
# Visual Studio Version 17
VisualStudioVersion = 17.5.33516.290
MinimumVisualStudioVersion = 10.0.40219.1
Project("{2150E333-8FDC-42A3-9474-1A3956D46DE8}") = "src", "src", "{927F52EB-D5B0-4AF7-8227-DBC4CECD416F}"
EndProject
Project("{2150E333-8FDC-42A3-9474-1A3956D46DE8}") = "test", "test", "{82C955CD-EBB2-45DC-B98E-C901DCFCBE93}"
EndProject
Project("{FAE04EC0-301F-11D3-BF4B-00C04F79EFBC}") = "MyEmpresa.DTO", "MyEmpresa.DTO\MyEmpresa.DTO.csproj", "{8269E3E7-F364-4B78-93DD-8288CEDB8AF9}"
EndProject
Global
	GlobalSection(SolutionConfigurationPlatforms) = preSolution
		Debug|Any CPU = Debug|Any CPU
		Release|Any CPU = Release|Any CPU
	EndGlobalSection
	GlobalSection(ProjectConfigurationPlatforms) = postSolution
		{8269E3E7-F364-4B78-93DD-8288CEDB8AF9}.Debug|Any CPU.ActiveCfg = Debug|Any CPU
		{8269E3E7-F364-4B78-93DD-8288CEDB8AF9}.Debug|Any CPU.Build.0 = Debug|Any CPU
		{8269E3E7-F364-4B78-93DD-8288CEDB8AF9}.Release|Any CPU.ActiveCfg = Release|Any CPU
		{8269E3E7-F364-4B78-93DD-8288CEDB8AF9}.Release|Any CPU.Build.0 = Release|Any CPU
	EndGlobalSection
	GlobalSection(SolutionProperties) = preSolution
		HideSolutionNode = FALSE
	EndGlobalSection
	GlobalSection(NestedProjects) = preSolution
		{8269E3E7-F364-4B78-93DD-8288CEDB8AF9} = {927F52EB-D5B0-4AF7-8227-DBC4CECD416F}
	EndGlobalSection
	GlobalSection(ExtensibilityGlobals) = postSolution
		SolutionGuid = {4966444D-EE1C-421B-8FE7-597875A38B6B}
	EndGlobalSection
EndGlobal
